
Microsoft Visual Studio Solution File, Format Version 12.00
# Visual Studio Version 17
VisualStudioVersion = 17.10.34916.146
MinimumVisualStudioVersion = 10.0.40219.1
Project("{FAE04EC0-301F-11D3-BF4B-00C04F79EFBC}") = "MudBlazorWebAppRotativaReport", "MudBlazorWebAppRotativaReport\MudBlazorWebAppRotativaReport.csproj", "{1306F55C-E71C-46CB-A053-276933FD21D2}"
EndProject
Global
	GlobalSection(SolutionConfigurationPlatforms) = preSolution
		Debug|Any CPU = Debug|Any CPU
		Release|Any CPU = Release|Any CPU
	EndGlobalSection
	GlobalSection(ProjectConfigurationPlatforms) = postSolution
		{1306F55C-E71C-46CB-A053-276933FD21D2}.Debug|Any CPU.ActiveCfg = Debug|Any CPU
		{1306F55C-E71C-46CB-A053-276933FD21D2}.Debug|Any CPU.Build.0 = Debug|Any CPU
		{1306F55C-E71C-46CB-A053-276933FD21D2}.Release|Any CPU.ActiveCfg = Release|Any CPU
		{1306F55C-E71C-46CB-A053-276933FD21D2}.Release|Any CPU.Build.0 = Release|Any CPU
	EndGlobalSection
	GlobalSection(SolutionProperties) = preSolution
		HideSolutionNode = FALSE
	EndGlobalSection
	GlobalSection(ExtensibilityGlobals) = postSolution
		SolutionGuid = {211269A5-09F2-4CAC-BFE1-20F130EBA66E}
	EndGlobalSection
EndGlobal
